
Microsoft Visual Studio Solution File, Format Version 11.00
# Visual Studio 2010
Project("{FAE04EC0-301F-11D3-BF4B-00C04F79EFBC}") = "Iotzzh.CMS.Model", "Iotzzh.CMS.Model\Iotzzh.CMS.Model.csproj", "{C15F0EF3-831E-4EEB-8765-1CFDB60FC598}"
EndProject
Project("{FAE04EC0-301F-11D3-BF4B-00C04F79EFBC}") = "Iotzzh.CMS.DAL", "Iotzzh.CMS.DAL\Iotzzh.CMS.DAL.csproj", "{B6C85ECC-96AB-4832-BD6C-1C7ACCDC4794}"
EndProject
Project("{FAE04EC0-301F-11D3-BF4B-00C04F79EFBC}") = "Iotzzh.CMS.BLL", "Iotzzh.CMS.BLL\Iotzzh.CMS.BLL.csproj", "{D3D3375C-372A-4F54-9219-DB84C29A5377}"
EndProject
Project("{FAE04EC0-301F-11D3-BF4B-00C04F79EFBC}") = "Iotzzh.CMS.Webapp", "Iotzzh.CMS.Webapp\Iotzzh.CMS.Webapp.csproj", "{FDD76096-6842-47B6-9DDE-6F0247CD0143}"
EndProject
Project("{FAE04EC0-301F-11D3-BF4B-00C04F79EFBC}") = "Iotzzh.CMS.Common", "Iotzzh.CMS.Common\Iotzzh.CMS.Common.csproj", "{3C53970D-788D-4317-81B0-6CE54C5FDB1F}"
EndProject
Global
	GlobalSection(SolutionConfigurationPlatforms) = preSolution
		Debug|Any CPU = Debug|Any CPU
		Release|Any CPU = Release|Any CPU
	EndGlobalSection
	GlobalSection(ProjectConfigurationPlatforms) = postSolution
		{C15F0EF3-831E-4EEB-8765-1CFDB60FC598}.Debug|Any CPU.ActiveCfg = Debug|Any CPU
		{C15F0EF3-831E-4EEB-8765-1CFDB60FC598}.Debug|Any CPU.Build.0 = Debug|Any CPU
		{C15F0EF3-831E-4EEB-8765-1CFDB60FC598}.Release|Any CPU.ActiveCfg = Release|Any CPU
		{C15F0EF3-831E-4EEB-8765-1CFDB60FC598}.Release|Any CPU.Build.0 = Release|Any CPU
		{B6C85ECC-96AB-4832-BD6C-1C7ACCDC4794}.Debug|Any CPU.ActiveCfg = Debug|Any CPU
		{B6C85ECC-96AB-4832-BD6C-1C7ACCDC4794}.Debug|Any CPU.Build.0 = Debug|Any CPU
		{B6C85ECC-96AB-4832-BD6C-1C7ACCDC4794}.Release|Any CPU.ActiveCfg = Release|Any CPU
		{B6C85ECC-96AB-4832-BD6C-1C7ACCDC4794}.Release|Any CPU.Build.0 = Release|Any CPU
		{D3D3375C-372A-4F54-9219-DB84C29A5377}.Debug|Any CPU.ActiveCfg = Debug|Any CPU
		{D3D3375C-372A-4F54-9219-DB84C29A5377}.Debug|Any CPU.Build.0 = Debug|Any CPU
		{D3D3375C-372A-4F54-9219-DB84C29A5377}.Release|Any CPU.ActiveCfg = Release|Any CPU
		{D3D3375C-372A-4F54-9219-DB84C29A5377}.Release|Any CPU.Build.0 = Release|Any CPU
		{FDD76096-6842-47B6-9DDE-6F0247CD0143}.Debug|Any CPU.ActiveCfg = Debug|Any CPU
		{FDD76096-6842-47B6-9DDE-6F0247CD0143}.Debug|Any CPU.Build.0 = Debug|Any CPU
		{FDD76096-6842-47B6-9DDE-6F0247CD0143}.Release|Any CPU.ActiveCfg = Release|Any CPU
		{FDD76096-6842-47B6-9DDE-6F0247CD0143}.Release|Any CPU.Build.0 = Release|Any CPU
		{3C53970D-788D-4317-81B0-6CE54C5FDB1F}.Debug|Any CPU.ActiveCfg = Debug|Any CPU
		{3C53970D-788D-4317-81B0-6CE54C5FDB1F}.Debug|Any CPU.Build.0 = Debug|Any CPU
		{3C53970D-788D-4317-81B0-6CE54C5FDB1F}.Release|Any CPU.ActiveCfg = Release|Any CPU
		{3C53970D-788D-4317-81B0-6CE54C5FDB1F}.Release|Any CPU.Build.0 = Release|Any CPU
	EndGlobalSection
	GlobalSection(SolutionProperties) = preSolution
		HideSolutionNode = FALSE
	EndGlobalSection
EndGlobal
